
Microsoft Visual Studio Solution File, Format Version 12.00
# Visual Studio Version 17
VisualStudioVersion = 17.4.33205.214
MinimumVisualStudioVersion = 10.0.40219.1
Project("{FAE04EC0-301F-11D3-BF4B-00C04F79EFBC}") = "TDDPractice", "TDDPractice\TDDPractice.csproj", "{7F6F4CEA-5231-497D-8075-0352B4C3F1C8}"
EndProject
Project("{FAE04EC0-301F-11D3-BF4B-00C04F79EFBC}") = "xUnitTests", "xUnitTests\xUnitTests.csproj", "{F062BE29-6342-4651-A8BE-65327760A259}"
EndProject
Global
	GlobalSection(SolutionConfigurationPlatforms) = preSolution
		Debug|Any CPU = Debug|Any CPU
		Release|Any CPU = Release|Any CPU
	EndGlobalSection
	GlobalSection(ProjectConfigurationPlatforms) = postSolution
		{7F6F4CEA-5231-497D-8075-0352B4C3F1C8}.Debug|Any CPU.ActiveCfg = Debug|Any CPU
		{7F6F4CEA-5231-497D-8075-0352B4C3F1C8}.Debug|Any CPU.Build.0 = Debug|Any CPU
		{7F6F4CEA-5231-497D-8075-0352B4C3F1C8}.Release|Any CPU.ActiveCfg = Release|Any CPU
		{7F6F4CEA-5231-497D-8075-0352B4C3F1C8}.Release|Any CPU.Build.0 = Release|Any CPU
		{F062BE29-6342-4651-A8BE-65327760A259}.Debug|Any CPU.ActiveCfg = Debug|Any CPU
		{F062BE29-6342-4651-A8BE-65327760A259}.Debug|Any CPU.Build.0 = Debug|Any CPU
		{F062BE29-6342-4651-A8BE-65327760A259}.Release|Any CPU.ActiveCfg = Release|Any CPU
		{F062BE29-6342-4651-A8BE-65327760A259}.Release|Any CPU.Build.0 = Release|Any CPU
	EndGlobalSection
	GlobalSection(SolutionProperties) = preSolution
		HideSolutionNode = FALSE
	EndGlobalSection
	GlobalSection(ExtensibilityGlobals) = postSolution
		SolutionGuid = {472450ED-6C58-44E3-9CF6-D52473B78D8D}
	EndGlobalSection
EndGlobal
